{
    "name": "web",
    "version": "1.0.0",
    "lockfileVersion": 1,
    "requires": true,
    "dependencies": {
        "@types/jquery": {
            "version": "3.5.5",
            "resolved": "https://registry.npm.taobao.org/@types/jquery/download/@types/jquery-3.5.5.tgz?cache=0&sync_timestamp=1613379043957&other_urls=https%3A%2F%2Fregistry.npm.taobao.org%2F%40types%2Fjquery%2Fdownload%2F%40types%2Fjquery-3.5.5.tgz",
            "integrity": "sha1-LGP0fJyNlmk9Jy9UU2Aq/YM4yQM=",
            "requires": {
                "@types/sizzle": "*"
            }
        },
        "@types/sizzle": {
            "version": "2.3.3",
            "resolved": "https://registry.nlark.com/@types/sizzle/download/@types/sizzle-2.3.3.tgz",
            "integrity": "sha1-/14vGQKWnTBSJaBHyKD9XJFc6+8="
        },
        "async": {
            "version": "2.6.3",
            "resolved": "https://registry.npm.taobao.org/async/download/async-2.6.3.tgz",
            "integrity": "sha1-1yYl4jRKNlbjo61Pp0n6gymdgv8=",
            "requires": {
                "lodash": "^4.17.14"
            }
        },
        "basic-auth": {
            "version": "1.1.0",
            "resolved": "https://registry.npm.taobao.org/basic-auth/download/basic-auth-1.1.0.tgz",
            "integrity": "sha1-RSIe5Cn37h5QNb4/UVM/HN/SmIQ="
        },
        "bootstrap": {
            "version": "3.4.1",
            "resolved": "https://registry.npm.taobao.org/bootstrap/download/bootstrap-3.4.1.tgz",
            "integrity": "sha1-w6NH1Bniia0R9AM+PEEyuHwIHXI="
        },
        "call-bind": {
            "version": "1.0.2",
            "resolved": "https://registry.npm.taobao.org/call-bind/download/call-bind-1.0.2.tgz?cache=0&sync_timestamp=1610402811207&other_urls=https%3A%2F%2Fregistry.npm.taobao.org%2Fcall-bind%2Fdownload%2Fcall-bind-1.0.2.tgz",
            "integrity": "sha1-sdTonmiBGcPJqQOtMKuy9qkZvjw=",
            "requires": {
                "function-bind": "^1.1.1",
                "get-intrinsic": "^1.0.2"
            }
        },
        "colors": {
            "version": "1.4.0",
            "resolved": "https://registry.npm.taobao.org/colors/download/colors-1.4.0.tgz",
            "integrity": "sha1-xQSRR51MG9rtLJztMs98fcI2D3g="
        },
        "corser": {
            "version": "2.0.1",
            "resolved": "https://registry.npm.taobao.org/corser/download/corser-2.0.1.tgz",
            "integrity": "sha1-jtolLsqrWEDc2XXOuQ2TcMgZ/4c="
        },
        "debug": {
            "version": "3.2.7",
            "resolved": "https://registry.npm.taobao.org/debug/download/debug-3.2.7.tgz?cache=0&sync_timestamp=1607566517339&other_urls=https%3A%2F%2Fregistry.npm.taobao.org%2Fdebug%2Fdownload%2Fdebug-3.2.7.tgz",
            "integrity": "sha1-clgLfpFF+zm2Z2+cXl+xALk0F5o=",
            "requires": {
                "ms": "^2.1.1"
            }
        },
        "ecstatic": {
            "version": "3.3.2",
            "resolved": "https://registry.npm.taobao.org/ecstatic/download/ecstatic-3.3.2.tgz",
            "integrity": "sha1-bR3UmBTQBZRoLGUq22YHamnUbEg=",
            "requires": {
                "he": "^1.1.1",
                "mime": "^1.6.0",
                "minimist": "^1.1.0",
                "url-join": "^2.0.5"
            }
        },
        "eventemitter3": {
            "version": "4.0.7",
            "resolved": "https://registry.npm.taobao.org/eventemitter3/download/eventemitter3-4.0.7.tgz?cache=0&sync_timestamp=1598517724259&other_urls=https%3A%2F%2Fregistry.npm.taobao.org%2Feventemitter3%2Fdownload%2Feventemitter3-4.0.7.tgz",
            "integrity": "sha1-Lem2j2Uo1WRO9cWVJqG0oHMGFp8="
        },
        "follow-redirects": {
            "version": "1.14.0",
            "resolved": "https://registry.nlark.com/follow-redirects/download/follow-redirects-1.14.0.tgz?cache=0&sync_timestamp=1619369184337&other_urls=https%3A%2F%2Fregistry.nlark.com%2Ffollow-redirects%2Fdownload%2Ffollow-redirects-1.14.0.tgz",
            "integrity": "sha1-9dJg+VxfjBBYlEkf7uXciZO0Av4="
        },
        "function-bind": {
            "version": "1.1.1",
            "resolved": "https://registry.npm.taobao.org/function-bind/download/function-bind-1.1.1.tgz",
            "integrity": "sha1-pWiZ0+o8m6uHS7l3O3xe3pL0iV0="
        },
        "get-intrinsic": {
            "version": "1.1.1",
            "resolved": "https://registry.npm.taobao.org/get-intrinsic/download/get-intrinsic-1.1.1.tgz",
            "integrity": "sha1-FfWfN2+FXERpY5SPDSTNNje0q8Y=",
            "requires": {
                "function-bind": "^1.1.1",
                "has": "^1.0.3",
                "has-symbols": "^1.0.1"
            }
        },
        "handlebars": {
            "version": "4.7.7",
            "resolved": "https://registry.npm.taobao.org/handlebars/download/handlebars-4.7.7.tgz?cache=0&sync_timestamp=1613385425252&other_urls=https%3A%2F%2Fregistry.npm.taobao.org%2Fhandlebars%2Fdownload%2Fhandlebars-4.7.7.tgz",
            "integrity": "sha1-nOM0FqrQLb1sj6+oJA1dmABJRaE=",
            "requires": {
                "minimist": "^1.2.5",
                "neo-async": "^2.6.0",
                "source-map": "^0.6.1",
                "uglify-js": "^3.1.4",
                "wordwrap": "^1.0.0"
            }
        },
        "has": {
            "version": "1.0.3",
            "resolved": "https://registry.npm.taobao.org/has/download/has-1.0.3.tgz",
            "integrity": "sha1-ci18v8H2qoJB8W3YFOAR4fQeh5Y=",
            "requires": {
                "function-bind": "^1.1.1"
            }
        },
        "has-symbols": {
            "version": "1.0.2",
            "resolved": "https://registry.npm.taobao.org/has-symbols/download/has-symbols-1.0.2.tgz?cache=0&sync_timestamp=1614443577352&other_urls=https%3A%2F%2Fregistry.npm.taobao.org%2Fhas-symbols%2Fdownload%2Fhas-symbols-1.0.2.tgz",
            "integrity": "sha1-Fl0wcMADCXUqEjakeTMeOsVvFCM="
        },
        "he": {
            "version": "1.2.0",
            "resolved": "https://registry.npm.taobao.org/he/download/he-1.2.0.tgz",
            "integrity": "sha1-hK5l+n6vsWX922FWauFLrwVmTw8="
        },
        "http-proxy": {
            "version": "1.18.1",
            "resolved": "https://registry.npm.taobao.org/http-proxy/download/http-proxy-1.18.1.tgz",
            "integrity": "sha1-QBVB8FNIhLv5UmAzTnL4juOXZUk=",
            "requires": {
                "eventemitter3": "^4.0.0",
                "follow-redirects": "^1.0.0",
                "requires-port": "^1.0.0"
            }
        },
        "http-server": {
            "version": "0.12.3",
            "resolved": "https://registry.npm.taobao.org/http-server/download/http-server-0.12.3.tgz",
            "integrity": "sha1-ugRx0OzEJYhmFss1xPryeRQKDTc=",
            "requires": {
                "basic-auth": "^1.0.3",
                "colors": "^1.4.0",
                "corser": "^2.0.1",
                "ecstatic": "^3.3.2",
                "http-proxy": "^1.18.0",
                "minimist": "^1.2.5",
                "opener": "^1.5.1",
                "portfinder": "^1.0.25",
                "secure-compare": "3.0.1",
                "union": "~0.5.0"
            }
        },
        "jasmine-core": {
            "version": "3.7.1",
            "resolved": "https://registry.npm.taobao.org/jasmine-core/download/jasmine-core-3.7.1.tgz",
            "integrity": "sha1-BAEyf2JJ6smT1Hu/oY1OjvrPtWE="
        },
        "jquery": {
            "version": "3.6.0",
            "resolved": "https://registry.npm.taobao.org/jquery/download/jquery-3.6.0.tgz?cache=0&sync_timestamp=1614705639458&other_urls=https%3A%2F%2Fregistry.npm.taobao.org%2Fjquery%2Fdownload%2Fjquery-3.6.0.tgz",
            "integrity": "sha1-xyoJ8Vwb3OFC9J2/EXC9+K2sJHA="
        },
        "lodash": {
            "version": "4.17.21",
            "resolved": "https://registry.npm.taobao.org/lodash/download/lodash-4.17.21.tgz",
            "integrity": "sha1-Z5WRxWTDv/quhFTPCz3zcMPWkRw="
        },
        "mime": {
            "version": "1.6.0",
            "resolved": "https://registry.npm.taobao.org/mime/download/mime-1.6.0.tgz",
            "integrity": "sha1-Ms2eXGRVO9WNGaVor0Uqz/BJgbE="
        },
        "minimist": {
            "version": "1.2.5",
            "resolved": "https://registry.npm.taobao.org/minimist/download/minimist-1.2.5.tgz",
            "integrity": "sha1-Z9ZgFLZqaoqqDAg8X9WN9OTpdgI="
        },
        "mkdirp": {
            "version": "0.5.5",
            "resolved": "https://registry.npm.taobao.org/mkdirp/download/mkdirp-0.5.5.tgz",
            "integrity": "sha1-2Rzv1i0UNsoPQWIOJRKI1CAJne8=",
            "requires": {
                "minimist": "^1.2.5"
            }
        },
        "ms": {
            "version": "2.1.3",
            "resolved": "https://registry.npm.taobao.org/ms/download/ms-2.1.3.tgz?cache=0&sync_timestamp=1607433988749&other_urls=https%3A%2F%2Fregistry.npm.taobao.org%2Fms%2Fdownload%2Fms-2.1.3.tgz",
            "integrity": "sha1-V0yBOM4dK1hh8LRFedut1gxmFbI="
        },
        "neo-async": {
            "version": "2.6.2",
            "resolved": "https://registry.npm.taobao.org/neo-async/download/neo-async-2.6.2.tgz?cache=0&sync_timestamp=1594317437265&other_urls=https%3A%2F%2Fregistry.npm.taobao.org%2Fneo-async%2Fdownload%2Fneo-async-2.6.2.tgz",
            "integrity": "sha1-tKr7k+OustgXTKU88WOrfXMIMF8="
        },
        "object-inspect": {
            "version": "1.10.2",
            "resolved": "https://registry.npm.taobao.org/object-inspect/download/object-inspect-1.10.2.tgz",
            "integrity": "sha1-tjhaPit8rgter8+Qzd+F0Sh2fzA="
        },
        "opener": {
            "version": "1.5.2",
            "resolved": "https://registry.npm.taobao.org/opener/download/opener-1.5.2.tgz",
            "integrity": "sha1-XTfh81B3udysQwE3InGv3rKhNZg="
        },
        "portfinder": {
            "version": "1.0.28",
            "resolved": "https://registry.npm.taobao.org/portfinder/download/portfinder-1.0.28.tgz",
            "integrity": "sha1-Z8RiKFK9U3TdHdkA93n1NGL6x3g=",
            "requires": {
                "async": "^2.6.2",
                "debug": "^3.1.1",
                "mkdirp": "^0.5.5"
            }
        },
        "qs": {
            "version": "6.10.1",
            "resolved": "https://registry.npm.taobao.org/qs/download/qs-6.10.1.tgz",
            "integrity": "sha1-STFIL6jWR6Wqt5nFJx0hM7mB+2o=",
            "requires": {
                "side-channel": "^1.0.4"
            }
        },
        "requires-port": {
            "version": "1.0.0",
            "resolved": "https://registry.npm.taobao.org/requires-port/download/requires-port-1.0.0.tgz",
            "integrity": "sha1-kl0mAdOaxIXgkc8NpcbmlNw9yv8="
        },
        "secure-compare": {
            "version": "3.0.1",
            "resolved": "https://registry.nlark.com/secure-compare/download/secure-compare-3.0.1.tgz",
            "integrity": "sha1-8aAymzCLIh+uN7mXTz1XjQypmeM="
        },
        "side-channel": {
            "version": "1.0.4",
            "resolved": "https://registry.npm.taobao.org/side-channel/download/side-channel-1.0.4.tgz",
            "integrity": "sha1-785cj9wQTudRslxY1CkAEfpeos8=",
            "requires": {
                "call-bind": "^1.0.0",
                "get-intrinsic": "^1.0.2",
                "object-inspect": "^1.9.0"
            }
        },
        "source-map": {
            "version": "0.6.1",
            "resolved": "https://registry.npm.taobao.org/source-map/download/source-map-0.6.1.tgz?cache=0&sync_timestamp=1604409581245&other_urls=https%3A%2F%2Fregistry.npm.taobao.org%2Fsource-map%2Fdownload%2Fsource-map-0.6.1.tgz",
            "integrity": "sha1-dHIq8y6WFOnCh6jQu95IteLxomM="
        },
        "typescript": {
            "version": "4.2.4",
            "resolved": "https://registry.nlark.com/typescript/download/typescript-4.2.4.tgz?cache=0&sync_timestamp=1620026478997&other_urls=https%3A%2F%2Fregistry.nlark.com%2Ftypescript%2Fdownload%2Ftypescript-4.2.4.tgz",
            "integrity": "sha1-hhC1l0feAo/aiYqK7w4QPxVtCWE="
        },
        "uglify-js": {
            "version": "3.13.5",
            "resolved": "https://registry.nlark.com/uglify-js/download/uglify-js-3.13.5.tgz",
            "integrity": "sha1-XXHW27pkz0QfMpKbHvznNlu08RM=",
            "optional": true
        },
        "union": {
            "version": "0.5.0",
            "resolved": "https://registry.npm.taobao.org/union/download/union-0.5.0.tgz",
            "integrity": "sha1-ssEb6E9gU4U3uEbtuboma6AJAHU=",
            "requires": {
                "qs": "^6.4.0"
            }
        },
        "url-join": {
            "version": "2.0.5",
            "resolved": "https://registry.npm.taobao.org/url-join/download/url-join-2.0.5.tgz",
            "integrity": "sha1-WvIvGMBSoACkjXuCxenC4v7tpyg="
        },
        "wordwrap": {
            "version": "1.0.0",
            "resolved": "https://registry.npm.taobao.org/wordwrap/download/wordwrap-1.0.0.tgz",
            "integrity": "sha1-J1hIEIkUVqQXHI0CJkQa3pDLyus="
        }
    }
}
